{
  "name": "cloud-monitoring-dashboard-importer",
  "version": "1.0.0",
  "lockfileVersion": 3,
  "requires": true,
  "packages": {
    "": {
      "name": "cloud-monitoring-dashboard-importer",
      "version": "1.0.0",
      "license": "Apache-2.0",
      "bin": {
        "cloud-monitoring-dashboard-importer": "dist/convert.js"
      },
      "devDependencies": {
        "@types/node": "^20.4.1",
        "typescript": "^5.1.6"
      }
    },
    "node_modules/@types/node": {
      "version": "20.4.1",
      "dev": true,
      "license": "MIT"
    },
    "node_modules/typescript": {
      "version": "5.1.6",
      "dev": true,
      "license": "Apache-2.0",
      "bin": {
        "tsc": "bin/tsc",
        "tsserver": "bin/tsserver"
      },
      "engines": {
        "node": ">=14.17"
      }
    }
  }
}
